
Microsoft Visual Studio Solution File, Format Version 12.00
# Visual Studio Version 16
VisualStudioVersion = 16.0.29519.181
MinimumVisualStudioVersion = 10.0.40219.1
Project("{2150E333-8FDC-42A3-9474-1A3956D46DE8}") = "Library", "Library", "{6E61B242-C137-4D6B-A714-0E7667ABD363}"
EndProject
Project("{9A19103F-16F7-4668-BE54-9A1E7A4F7556}") = "DatabaseModel", "Library\DatabaseModel\DatabaseModel.csproj", "{2E2E0326-20EA-4328-B622-2488B87CB024}"
EndProject
Project("{2150E333-8FDC-42A3-9474-1A3956D46DE8}") = "App", "App", "{1AA5E1F8-3668-43C0-94A0-80BFD08329A6}"
EndProject
Project("{9A19103F-16F7-4668-BE54-9A1E7A4F7556}") = "CumulateHourlyApp", "App\CumulateHourlyApp\CumulateHourlyApp.csproj", "{BC299FD4-66B1-46BB-842E-8CC782284EB7}"
EndProject
Project("{9A19103F-16F7-4668-BE54-9A1E7A4F7556}") = "CollectLatestWeatherApp", "App\CollectLatestWeatherApp\CollectLatestWeatherApp.csproj", "{39057C6E-24D1-44AA-AD97-45865A73A9D0}"
EndProject
Project("{9A19103F-16F7-4668-BE54-9A1E7A4F7556}") = "CollectForecastWeatherApp", "App\CollectForecastWeatherApp\CollectForecastWeatherApp.csproj", "{E300219A-A5A0-454D-B239-2ED4DE6D4C88}"
EndProject
Project("{9A19103F-16F7-4668-BE54-9A1E7A4F7556}") = "GraphQLServiceApp", "App\GraphQLServiceApp\GraphQLServiceApp.csproj", "{C574409D-DF15-4CAE-96B3-657B23CDA8A7}"
EndProject
Project("{9A19103F-16F7-4668-BE54-9A1E7A4F7556}") = "InfluxDataAccessor", "Library\InfluxDataAccessor\InfluxDataAccessor.csproj", "{1C0B5552-3886-4138-8693-DCCB8CE347A0}"
EndProject
Project("{9A19103F-16F7-4668-BE54-9A1E7A4F7556}") = "RedisDataAccessor", "Library\RedisDataAccessor\RedisDataAccessor.csproj", "{E7A1F14C-2B55-4AD2-9F8B-690C7439CAB8}"
EndProject
Project("{9A19103F-16F7-4668-BE54-9A1E7A4F7556}") = "MqttDataAccessor", "Library\MqttDataAccessor\MqttDataAccessor.csproj", "{C75ED531-D864-4904-A08D-3924E945B8F6}"
EndProject
Project("{9A19103F-16F7-4668-BE54-9A1E7A4F7556}") = "MqttToRedisWorkerApp", "App\MqttToRedisWorkerApp\MqttToRedisWorkerApp.csproj", "{C6D5BED1-16D5-40F4-B195-754825A11FEF}"
EndProject
Project("{9A19103F-16F7-4668-BE54-9A1E7A4F7556}") = "CollectInstantaneousApp", "App\CollectInstantaneousApp\CollectInstantaneousApp.csproj", "{BC2FD033-6F60-4E86-A51C-5CB175546978}"
EndProject
Project("{9A19103F-16F7-4668-BE54-9A1E7A4F7556}") = "EventPullerApp", "App\EventPullerApp\EventPullerApp.csproj", "{36AE2341-BFDE-4E20-99E1-9C92F0A48E65}"
EndProject
Project("{9A19103F-16F7-4668-BE54-9A1E7A4F7556}") = "EventModel", "Library\EventModel\EventModel.csproj", "{7B9EEBBE-CE06-4B71-94C6-8B12EE756B34}"
EndProject
Project("{9A19103F-16F7-4668-BE54-9A1E7A4F7556}") = "EventPublisher", "Library\EventPublisher\EventPublisher.csproj", "{349701E0-4FB1-495D-A76E-CE3250F82B06}"
EndProject
Project("{2150E333-8FDC-42A3-9474-1A3956D46DE8}") = "Test", "Test", "{3D0DF54F-7B41-4C1F-A831-D0F90DF2BBBE}"
EndProject
Project("{9A19103F-16F7-4668-BE54-9A1E7A4F7556}") = "EventPusherTest", "Test\EventPusherTest\EventPusherTest.csproj", "{27AAC79E-7307-46D1-9730-C6BCAADDF8C3}"
EndProject
Project("{9A19103F-16F7-4668-BE54-9A1E7A4F7556}") = "DaegunMQTTSubscribe", "App\DaegunMQTTSubscribe\DaegunMQTTSubscribe.csproj", "{83A93C34-1505-48E7-B9D6-137F35065BFE}"
EndProject
Project("{9A19103F-16F7-4668-BE54-9A1E7A4F7556}") = "DaegunSubscriber", "App\DaegunSubscriber\DaegunSubscriber.csproj", "{D9D04F52-FCC0-4520-8B18-432F50FCF632}"
EndProject
Project("{2150E333-8FDC-42A3-9474-1A3956D46DE8}") = "Services", "Services", "{5904FF5C-615F-46B3-AFF8-A0884CB76209}"
EndProject
Project("{9A19103F-16F7-4668-BE54-9A1E7A4F7556}") = "TransferJejuPv", "Sevices\TransferJejuPv\TransferJejuPv.csproj", "{0C62203F-20D9-4BC4-92B1-C3CBA7D84694}"
EndProject
Project("{2150E333-8FDC-42A3-9474-1A3956D46DE8}") = "Device", "Device", "{F34758C9-9519-4F53-9D80-254EA9FC4323}"
EndProject
Project("{9A19103F-16F7-4668-BE54-9A1E7A4F7556}") = "PongServer", "Test\PongServer\PongServer.csproj", "{9D0957F9-B8EB-46B2-BC78-244DDD973C12}"
EndProject
Project("{9A19103F-16F7-4668-BE54-9A1E7A4F7556}") = "PingClient", "Test\PingClient\PingClient.csproj", "{4F4F5A24-3F16-4B78-9C5D-F1475170AB27}"
EndProject
Project("{9A19103F-16F7-4668-BE54-9A1E7A4F7556}") = "ModbusToMqtt", "Device\ModbusToMqtt\ModbusToMqtt.csproj", "{B1BFB57D-65A0-487C-A4DB-6BE82397A2D3}"
EndProject
Project("{9A19103F-16F7-4668-BE54-9A1E7A4F7556}") = "Hubbub", "Device\Hubbub\Hubbub.csproj", "{764E6991-16E5-4997-8902-8B9C91E8F165}"
EndProject
Project("{9A19103F-16F7-4668-BE54-9A1E7A4F7556}") = "HubbubCommonLib", "Library\HubbubCommonLib\HubbubCommonLib.csproj", "{B6457ED1-2539-4CBC-B247-4278FD9E1092}"
EndProject
Project("{9A19103F-16F7-4668-BE54-9A1E7A4F7556}") = "WebApiService", "App\WebApiService\WebApiService.csproj", "{A96B14EE-12BE-43CF-9CBB-2D8798F6C926}"
EndProject
Project("{9A19103F-16F7-4668-BE54-9A1E7A4F7556}") = "IdentityModel", "Library\IdentityModel\IdentityModel.csproj", "{F1ADBC82-079C-444B-987F-2E02BF9B5FC3}"
EndProject
Project("{FAE04EC0-301F-11D3-BF4B-00C04F79EFBC}") = "JeochoenHubbub", "Device\JeochoenHubbub\JeochoenHubbub.csproj", "{CD5254D5-0D77-41E0-A14B-A7793B930C2E}"
EndProject
Project("{9A19103F-16F7-4668-BE54-9A1E7A4F7556}") = "HubbubRpcApp", "App\HubbubRpcApp\HubbubRpcApp.csproj", "{6CE14B7C-274D-422A-8621-FEF67355E070}"
EndProject
Project("{FAE04EC0-301F-11D3-BF4B-00C04F79EFBC}") = "HubbubWebService", "App\HubbubWebService\HubbubWebService.csproj", "{2F5C045D-36AE-4393-975B-952E7121871E}"
EndProject
Global
	GlobalSection(SolutionConfigurationPlatforms) = preSolution
		Debug|Any CPU = Debug|Any CPU
		Debug|ARM = Debug|ARM
		Debug|ARM64 = Debug|ARM64
		Debug|x64 = Debug|x64
		Debug|x86 = Debug|x86
		Release|Any CPU = Release|Any CPU
		Release|ARM = Release|ARM
		Release|ARM64 = Release|ARM64
		Release|x64 = Release|x64
		Release|x86 = Release|x86
	EndGlobalSection
	GlobalSection(ProjectConfigurationPlatforms) = postSolution
		{2E2E0326-20EA-4328-B622-2488B87CB024}.Debug|Any CPU.ActiveCfg = Debug|Any CPU
		{2E2E0326-20EA-4328-B622-2488B87CB024}.Debug|Any CPU.Build.0 = Debug|Any CPU
		{2E2E0326-20EA-4328-B622-2488B87CB024}.Debug|ARM.ActiveCfg = Debug|Any CPU
		{2E2E0326-20EA-4328-B622-2488B87CB024}.Debug|ARM.Build.0 = Debug|Any CPU
		{2E2E0326-20EA-4328-B622-2488B87CB024}.Debug|ARM64.ActiveCfg = Debug|Any CPU
		{2E2E0326-20EA-4328-B622-2488B87CB024}.Debug|ARM64.Build.0 = Debug|Any CPU
		{2E2E0326-20EA-4328-B622-2488B87CB024}.Debug|x64.ActiveCfg = Debug|x64
		{2E2E0326-20EA-4328-B622-2488B87CB024}.Debug|x64.Build.0 = Debug|x64
		{2E2E0326-20EA-4328-B622-2488B87CB024}.Debug|x86.ActiveCfg = Debug|Any CPU
		{2E2E0326-20EA-4328-B622-2488B87CB024}.Debug|x86.Build.0 = Debug|Any CPU
		{2E2E0326-20EA-4328-B622-2488B87CB024}.Release|Any CPU.ActiveCfg = Release|Any CPU
		{2E2E0326-20EA-4328-B622-2488B87CB024}.Release|Any CPU.Build.0 = Release|Any CPU
		{2E2E0326-20EA-4328-B622-2488B87CB024}.Release|ARM.ActiveCfg = Release|Any CPU
		{2E2E0326-20EA-4328-B622-2488B87CB024}.Release|ARM.Build.0 = Release|Any CPU
		{2E2E0326-20EA-4328-B622-2488B87CB024}.Release|ARM64.ActiveCfg = Release|Any CPU
		{2E2E0326-20EA-4328-B622-2488B87CB024}.Release|ARM64.Build.0 = Release|Any CPU
		{2E2E0326-20EA-4328-B622-2488B87CB024}.Release|x64.ActiveCfg = Release|x64
		{2E2E0326-20EA-4328-B622-2488B87CB024}.Release|x64.Build.0 = Release|x64
		{2E2E0326-20EA-4328-B622-2488B87CB024}.Release|x86.ActiveCfg = Release|Any CPU
		{2E2E0326-20EA-4328-B622-2488B87CB024}.Release|x86.Build.0 = Release|Any CPU
		{BC299FD4-66B1-46BB-842E-8CC782284EB7}.Debug|Any CPU.ActiveCfg = Debug|Any CPU
		{BC299FD4-66B1-46BB-842E-8CC782284EB7}.Debug|Any CPU.Build.0 = Debug|Any CPU
		{BC299FD4-66B1-46BB-842E-8CC782284EB7}.Debug|ARM.ActiveCfg = Debug|Any CPU
		{BC299FD4-66B1-46BB-842E-8CC782284EB7}.Debug|ARM.Build.0 = Debug|Any CPU
		{BC299FD4-66B1-46BB-842E-8CC782284EB7}.Debug|ARM64.ActiveCfg = Debug|Any CPU
		{BC299FD4-66B1-46BB-842E-8CC782284EB7}.Debug|ARM64.Build.0 = Debug|Any CPU
		{BC299FD4-66B1-46BB-842E-8CC782284EB7}.Debug|x64.ActiveCfg = Debug|x64
		{BC299FD4-66B1-46BB-842E-8CC782284EB7}.Debug|x64.Build.0 = Debug|x64
		{BC299FD4-66B1-46BB-842E-8CC782284EB7}.Debug|x86.ActiveCfg = Debug|Any CPU
		{BC299FD4-66B1-46BB-842E-8CC782284EB7}.Debug|x86.Build.0 = Debug|Any CPU
		{BC299FD4-66B1-46BB-842E-8CC782284EB7}.Release|Any CPU.ActiveCfg = Release|Any CPU
		{BC299FD4-66B1-46BB-842E-8CC782284EB7}.Release|Any CPU.Build.0 = Release|Any CPU
		{BC299FD4-66B1-46BB-842E-8CC782284EB7}.Release|ARM.ActiveCfg = Release|Any CPU
		{BC299FD4-66B1-46BB-842E-8CC782284EB7}.Release|ARM.Build.0 = Release|Any CPU
		{BC299FD4-66B1-46BB-842E-8CC782284EB7}.Release|ARM64.ActiveCfg = Release|Any CPU
		{BC299FD4-66B1-46BB-842E-8CC782284EB7}.Release|ARM64.Build.0 = Release|Any CPU
		{BC299FD4-66B1-46BB-842E-8CC782284EB7}.Release|x64.ActiveCfg = Release|x64
		{BC299FD4-66B1-46BB-842E-8CC782284EB7}.Release|x64.Build.0 = Release|x64
		{BC299FD4-66B1-46BB-842E-8CC782284EB7}.Release|x86.ActiveCfg = Release|Any CPU
		{BC299FD4-66B1-46BB-842E-8CC782284EB7}.Release|x86.Build.0 = Release|Any CPU
		{39057C6E-24D1-44AA-AD97-45865A73A9D0}.Debug|Any CPU.ActiveCfg = Debug|Any CPU
		{39057C6E-24D1-44AA-AD97-45865A73A9D0}.Debug|Any CPU.Build.0 = Debug|Any CPU
		{39057C6E-24D1-44AA-AD97-45865A73A9D0}.Debug|ARM.ActiveCfg = Debug|Any CPU
		{39057C6E-24D1-44AA-AD97-45865A73A9D0}.Debug|ARM.Build.0 = Debug|Any CPU
		{39057C6E-24D1-44AA-AD97-45865A73A9D0}.Debug|ARM64.ActiveCfg = Debug|Any CPU
		{39057C6E-24D1-44AA-AD97-45865A73A9D0}.Debug|ARM64.Build.0 = Debug|Any CPU
		{39057C6E-24D1-44AA-AD97-45865A73A9D0}.Debug|x64.ActiveCfg = Debug|Any CPU
		{39057C6E-24D1-44AA-AD97-45865A73A9D0}.Debug|x64.Build.0 = Debug|Any CPU
		{39057C6E-24D1-44AA-AD97-45865A73A9D0}.Debug|x86.ActiveCfg = Debug|Any CPU
		{39057C6E-24D1-44AA-AD97-45865A73A9D0}.Debug|x86.Build.0 = Debug|Any CPU
		{39057C6E-24D1-44AA-AD97-45865A73A9D0}.Release|Any CPU.ActiveCfg = Release|Any CPU
		{39057C6E-24D1-44AA-AD97-45865A73A9D0}.Release|Any CPU.Build.0 = Release|Any CPU
		{39057C6E-24D1-44AA-AD97-45865A73A9D0}.Release|ARM.ActiveCfg = Release|Any CPU
		{39057C6E-24D1-44AA-AD97-45865A73A9D0}.Release|ARM.Build.0 = Release|Any CPU
		{39057C6E-24D1-44AA-AD97-45865A73A9D0}.Release|ARM64.ActiveCfg = Release|Any CPU
		{39057C6E-24D1-44AA-AD97-45865A73A9D0}.Release|ARM64.Build.0 = Release|Any CPU
		{39057C6E-24D1-44AA-AD97-45865A73A9D0}.Release|x64.ActiveCfg = Release|Any CPU
		{39057C6E-24D1-44AA-AD97-45865A73A9D0}.Release|x64.Build.0 = Release|Any CPU
		{39057C6E-24D1-44AA-AD97-45865A73A9D0}.Release|x86.ActiveCfg = Release|Any CPU
		{39057C6E-24D1-44AA-AD97-45865A73A9D0}.Release|x86.Build.0 = Release|Any CPU
		{E300219A-A5A0-454D-B239-2ED4DE6D4C88}.Debug|Any CPU.ActiveCfg = Debug|Any CPU
		{E300219A-A5A0-454D-B239-2ED4DE6D4C88}.Debug|Any CPU.Build.0 = Debug|Any CPU
		{E300219A-A5A0-454D-B239-2ED4DE6D4C88}.Debug|ARM.ActiveCfg = Debug|Any CPU
		{E300219A-A5A0-454D-B239-2ED4DE6D4C88}.Debug|ARM.Build.0 = Debug|Any CPU
		{E300219A-A5A0-454D-B239-2ED4DE6D4C88}.Debug|ARM64.ActiveCfg = Debug|Any CPU
		{E300219A-A5A0-454D-B239-2ED4DE6D4C88}.Debug|ARM64.Build.0 = Debug|Any CPU
		{E300219A-A5A0-454D-B239-2ED4DE6D4C88}.Debug|x64.ActiveCfg = Debug|Any CPU
		{E300219A-A5A0-454D-B239-2ED4DE6D4C88}.Debug|x64.Build.0 = Debug|Any CPU
		{E300219A-A5A0-454D-B239-2ED4DE6D4C88}.Debug|x86.ActiveCfg = Debug|Any CPU
		{E300219A-A5A0-454D-B239-2ED4DE6D4C88}.Debug|x86.Build.0 = Debug|Any CPU
		{E300219A-A5A0-454D-B239-2ED4DE6D4C88}.Release|Any CPU.ActiveCfg = Release|Any CPU
		{E300219A-A5A0-454D-B239-2ED4DE6D4C88}.Release|Any CPU.Build.0 = Release|Any CPU
		{E300219A-A5A0-454D-B239-2ED4DE6D4C88}.Release|ARM.ActiveCfg = Release|Any CPU
		{E300219A-A5A0-454D-B239-2ED4DE6D4C88}.Release|ARM.Build.0 = Release|Any CPU
		{E300219A-A5A0-454D-B239-2ED4DE6D4C88}.Release|ARM64.ActiveCfg = Release|Any CPU
		{E300219A-A5A0-454D-B239-2ED4DE6D4C88}.Release|ARM64.Build.0 = Release|Any CPU
		{E300219A-A5A0-454D-B239-2ED4DE6D4C88}.Release|x64.ActiveCfg = Release|Any CPU
		{E300219A-A5A0-454D-B239-2ED4DE6D4C88}.Release|x64.Build.0 = Release|Any CPU
		{E300219A-A5A0-454D-B239-2ED4DE6D4C88}.Release|x86.ActiveCfg = Release|Any CPU
		{E300219A-A5A0-454D-B239-2ED4DE6D4C88}.Release|x86.Build.0 = Release|Any CPU
		{C574409D-DF15-4CAE-96B3-657B23CDA8A7}.Debug|Any CPU.ActiveCfg = Debug|Any CPU
		{C574409D-DF15-4CAE-96B3-657B23CDA8A7}.Debug|Any CPU.Build.0 = Debug|Any CPU
		{C574409D-DF15-4CAE-96B3-657B23CDA8A7}.Debug|ARM.ActiveCfg = Debug|Any CPU
		{C574409D-DF15-4CAE-96B3-657B23CDA8A7}.Debug|ARM.Build.0 = Debug|Any CPU
		{C574409D-DF15-4CAE-96B3-657B23CDA8A7}.Debug|ARM64.ActiveCfg = Debug|Any CPU
		{C574409D-DF15-4CAE-96B3-657B23CDA8A7}.Debug|ARM64.Build.0 = Debug|Any CPU
		{C574409D-DF15-4CAE-96B3-657B23CDA8A7}.Debug|x64.ActiveCfg = Debug|Any CPU
		{C574409D-DF15-4CAE-96B3-657B23CDA8A7}.Debug|x64.Build.0 = Debug|Any CPU
		{C574409D-DF15-4CAE-96B3-657B23CDA8A7}.Debug|x86.ActiveCfg = Debug|Any CPU
		{C574409D-DF15-4CAE-96B3-657B23CDA8A7}.Debug|x86.Build.0 = Debug|Any CPU
		{C574409D-DF15-4CAE-96B3-657B23CDA8A7}.Release|Any CPU.ActiveCfg = Release|Any CPU
		{C574409D-DF15-4CAE-96B3-657B23CDA8A7}.Release|Any CPU.Build.0 = Release|Any CPU
		{C574409D-DF15-4CAE-96B3-657B23CDA8A7}.Release|ARM.ActiveCfg = Release|Any CPU
		{C574409D-DF15-4CAE-96B3-657B23CDA8A7}.Release|ARM.Build.0 = Release|Any CPU
		{C574409D-DF15-4CAE-96B3-657B23CDA8A7}.Release|ARM64.ActiveCfg = Release|Any CPU
		{C574409D-DF15-4CAE-96B3-657B23CDA8A7}.Release|ARM64.Build.0 = Release|Any CPU
		{C574409D-DF15-4CAE-96B3-657B23CDA8A7}.Release|x64.ActiveCfg = Release|Any CPU
		{C574409D-DF15-4CAE-96B3-657B23CDA8A7}.Release|x64.Build.0 = Release|Any CPU
		{C574409D-DF15-4CAE-96B3-657B23CDA8A7}.Release|x86.ActiveCfg = Release|Any CPU
		{C574409D-DF15-4CAE-96B3-657B23CDA8A7}.Release|x86.Build.0 = Release|Any CPU
		{1C0B5552-3886-4138-8693-DCCB8CE347A0}.Debug|Any CPU.ActiveCfg = Debug|Any CPU
		{1C0B5552-3886-4138-8693-DCCB8CE347A0}.Debug|Any CPU.Build.0 = Debug|Any CPU
		{1C0B5552-3886-4138-8693-DCCB8CE347A0}.Debug|ARM.ActiveCfg = Debug|Any CPU
		{1C0B5552-3886-4138-8693-DCCB8CE347A0}.Debug|ARM.Build.0 = Debug|Any CPU
		{1C0B5552-3886-4138-8693-DCCB8CE347A0}.Debug|ARM64.ActiveCfg = Debug|Any CPU
		{1C0B5552-3886-4138-8693-DCCB8CE347A0}.Debug|ARM64.Build.0 = Debug|Any CPU
		{1C0B5552-3886-4138-8693-DCCB8CE347A0}.Debug|x64.ActiveCfg = Debug|Any CPU
		{1C0B5552-3886-4138-8693-DCCB8CE347A0}.Debug|x64.Build.0 = Debug|Any CPU
		{1C0B5552-3886-4138-8693-DCCB8CE347A0}.Debug|x86.ActiveCfg = Debug|Any CPU
		{1C0B5552-3886-4138-8693-DCCB8CE347A0}.Debug|x86.Build.0 = Debug|Any CPU
		{1C0B5552-3886-4138-8693-DCCB8CE347A0}.Release|Any CPU.ActiveCfg = Release|Any CPU
		{1C0B5552-3886-4138-8693-DCCB8CE347A0}.Release|Any CPU.Build.0 = Release|Any CPU
		{1C0B5552-3886-4138-8693-DCCB8CE347A0}.Release|ARM.ActiveCfg = Release|Any CPU
		{1C0B5552-3886-4138-8693-DCCB8CE347A0}.Release|ARM.Build.0 = Release|Any CPU
		{1C0B5552-3886-4138-8693-DCCB8CE347A0}.Release|ARM64.ActiveCfg = Release|Any CPU
		{1C0B5552-3886-4138-8693-DCCB8CE347A0}.Release|ARM64.Build.0 = Release|Any CPU
		{1C0B5552-3886-4138-8693-DCCB8CE347A0}.Release|x64.ActiveCfg = Release|Any CPU
		{1C0B5552-3886-4138-8693-DCCB8CE347A0}.Release|x64.Build.0 = Release|Any CPU
		{1C0B5552-3886-4138-8693-DCCB8CE347A0}.Release|x86.ActiveCfg = Release|Any CPU
		{1C0B5552-3886-4138-8693-DCCB8CE347A0}.Release|x86.Build.0 = Release|Any CPU
		{E7A1F14C-2B55-4AD2-9F8B-690C7439CAB8}.Debug|Any CPU.ActiveCfg = Debug|Any CPU
		{E7A1F14C-2B55-4AD2-9F8B-690C7439CAB8}.Debug|Any CPU.Build.0 = Debug|Any CPU
		{E7A1F14C-2B55-4AD2-9F8B-690C7439CAB8}.Debug|ARM.ActiveCfg = Debug|Any CPU
		{E7A1F14C-2B55-4AD2-9F8B-690C7439CAB8}.Debug|ARM.Build.0 = Debug|Any CPU
		{E7A1F14C-2B55-4AD2-9F8B-690C7439CAB8}.Debug|ARM64.ActiveCfg = Debug|Any CPU
		{E7A1F14C-2B55-4AD2-9F8B-690C7439CAB8}.Debug|ARM64.Build.0 = Debug|Any CPU
		{E7A1F14C-2B55-4AD2-9F8B-690C7439CAB8}.Debug|x64.ActiveCfg = Debug|Any CPU
		{E7A1F14C-2B55-4AD2-9F8B-690C7439CAB8}.Debug|x64.Build.0 = Debug|Any CPU
		{E7A1F14C-2B55-4AD2-9F8B-690C7439CAB8}.Debug|x86.ActiveCfg = Debug|Any CPU
		{E7A1F14C-2B55-4AD2-9F8B-690C7439CAB8}.Debug|x86.Build.0 = Debug|Any CPU
		{E7A1F14C-2B55-4AD2-9F8B-690C7439CAB8}.Release|Any CPU.ActiveCfg = Release|Any CPU
		{E7A1F14C-2B55-4AD2-9F8B-690C7439CAB8}.Release|Any CPU.Build.0 = Release|Any CPU
		{E7A1F14C-2B55-4AD2-9F8B-690C7439CAB8}.Release|ARM.ActiveCfg = Release|Any CPU
		{E7A1F14C-2B55-4AD2-9F8B-690C7439CAB8}.Release|ARM.Build.0 = Release|Any CPU
		{E7A1F14C-2B55-4AD2-9F8B-690C7439CAB8}.Release|ARM64.ActiveCfg = Release|Any CPU
		{E7A1F14C-2B55-4AD2-9F8B-690C7439CAB8}.Release|ARM64.Build.0 = Release|Any CPU
		{E7A1F14C-2B55-4AD2-9F8B-690C7439CAB8}.Release|x64.ActiveCfg = Release|Any CPU
		{E7A1F14C-2B55-4AD2-9F8B-690C7439CAB8}.Release|x64.Build.0 = Release|Any CPU
		{E7A1F14C-2B55-4AD2-9F8B-690C7439CAB8}.Release|x86.ActiveCfg = Release|Any CPU
		{E7A1F14C-2B55-4AD2-9F8B-690C7439CAB8}.Release|x86.Build.0 = Release|Any CPU
		{C75ED531-D864-4904-A08D-3924E945B8F6}.Debug|Any CPU.ActiveCfg = Debug|Any CPU
		{C75ED531-D864-4904-A08D-3924E945B8F6}.Debug|Any CPU.Build.0 = Debug|Any CPU
		{C75ED531-D864-4904-A08D-3924E945B8F6}.Debug|ARM.ActiveCfg = Debug|Any CPU
		{C75ED531-D864-4904-A08D-3924E945B8F6}.Debug|ARM.Build.0 = Debug|Any CPU
		{C75ED531-D864-4904-A08D-3924E945B8F6}.Debug|ARM64.ActiveCfg = Debug|Any CPU
		{C75ED531-D864-4904-A08D-3924E945B8F6}.Debug|ARM64.Build.0 = Debug|Any CPU
		{C75ED531-D864-4904-A08D-3924E945B8F6}.Debug|x64.ActiveCfg = Debug|Any CPU
		{C75ED531-D864-4904-A08D-3924E945B8F6}.Debug|x64.Build.0 = Debug|Any CPU
		{C75ED531-D864-4904-A08D-3924E945B8F6}.Debug|x86.ActiveCfg = Debug|Any CPU
		{C75ED531-D864-4904-A08D-3924E945B8F6}.Debug|x86.Build.0 = Debug|Any CPU
		{C75ED531-D864-4904-A08D-3924E945B8F6}.Release|Any CPU.ActiveCfg = Release|Any CPU
		{C75ED531-D864-4904-A08D-3924E945B8F6}.Release|Any CPU.Build.0 = Release|Any CPU
		{C75ED531-D864-4904-A08D-3924E945B8F6}.Release|ARM.ActiveCfg = Release|Any CPU
		{C75ED531-D864-4904-A08D-3924E945B8F6}.Release|ARM.Build.0 = Release|Any CPU
		{C75ED531-D864-4904-A08D-3924E945B8F6}.Release|ARM64.ActiveCfg = Release|Any CPU
		{C75ED531-D864-4904-A08D-3924E945B8F6}.Release|ARM64.Build.0 = Release|Any CPU
		{C75ED531-D864-4904-A08D-3924E945B8F6}.Release|x64.ActiveCfg = Release|Any CPU
		{C75ED531-D864-4904-A08D-3924E945B8F6}.Release|x64.Build.0 = Release|Any CPU
		{C75ED531-D864-4904-A08D-3924E945B8F6}.Release|x86.ActiveCfg = Release|Any CPU
		{C75ED531-D864-4904-A08D-3924E945B8F6}.Release|x86.Build.0 = Release|Any CPU
		{C6D5BED1-16D5-40F4-B195-754825A11FEF}.Debug|Any CPU.ActiveCfg = Debug|Any CPU
		{C6D5BED1-16D5-40F4-B195-754825A11FEF}.Debug|Any CPU.Build.0 = Debug|Any CPU
		{C6D5BED1-16D5-40F4-B195-754825A11FEF}.Debug|ARM.ActiveCfg = Debug|Any CPU
		{C6D5BED1-16D5-40F4-B195-754825A11FEF}.Debug|ARM.Build.0 = Debug|Any CPU
		{C6D5BED1-16D5-40F4-B195-754825A11FEF}.Debug|ARM64.ActiveCfg = Debug|Any CPU
		{C6D5BED1-16D5-40F4-B195-754825A11FEF}.Debug|ARM64.Build.0 = Debug|Any CPU
		{C6D5BED1-16D5-40F4-B195-754825A11FEF}.Debug|x64.ActiveCfg = Debug|Any CPU
		{C6D5BED1-16D5-40F4-B195-754825A11FEF}.Debug|x64.Build.0 = Debug|Any CPU
		{C6D5BED1-16D5-40F4-B195-754825A11FEF}.Debug|x86.ActiveCfg = Debug|Any CPU
		{C6D5BED1-16D5-40F4-B195-754825A11FEF}.Debug|x86.Build.0 = Debug|Any CPU
		{C6D5BED1-16D5-40F4-B195-754825A11FEF}.Release|Any CPU.ActiveCfg = Release|Any CPU
		{C6D5BED1-16D5-40F4-B195-754825A11FEF}.Release|Any CPU.Build.0 = Release|Any CPU
		{C6D5BED1-16D5-40F4-B195-754825A11FEF}.Release|ARM.ActiveCfg = Release|Any CPU
		{C6D5BED1-16D5-40F4-B195-754825A11FEF}.Release|ARM.Build.0 = Release|Any CPU
		{C6D5BED1-16D5-40F4-B195-754825A11FEF}.Release|ARM64.ActiveCfg = Release|Any CPU
		{C6D5BED1-16D5-40F4-B195-754825A11FEF}.Release|ARM64.Build.0 = Release|Any CPU
		{C6D5BED1-16D5-40F4-B195-754825A11FEF}.Release|x64.ActiveCfg = Release|Any CPU
		{C6D5BED1-16D5-40F4-B195-754825A11FEF}.Release|x64.Build.0 = Release|Any CPU
		{C6D5BED1-16D5-40F4-B195-754825A11FEF}.Release|x86.ActiveCfg = Release|Any CPU
		{C6D5BED1-16D5-40F4-B195-754825A11FEF}.Release|x86.Build.0 = Release|Any CPU
		{BC2FD033-6F60-4E86-A51C-5CB175546978}.Debug|Any CPU.ActiveCfg = Debug|Any CPU
		{BC2FD033-6F60-4E86-A51C-5CB175546978}.Debug|Any CPU.Build.0 = Debug|Any CPU
		{BC2FD033-6F60-4E86-A51C-5CB175546978}.Debug|ARM.ActiveCfg = Debug|Any CPU
		{BC2FD033-6F60-4E86-A51C-5CB175546978}.Debug|ARM.Build.0 = Debug|Any CPU
		{BC2FD033-6F60-4E86-A51C-5CB175546978}.Debug|ARM64.ActiveCfg = Debug|Any CPU
		{BC2FD033-6F60-4E86-A51C-5CB175546978}.Debug|ARM64.Build.0 = Debug|Any CPU
		{BC2FD033-6F60-4E86-A51C-5CB175546978}.Debug|x64.ActiveCfg = Debug|Any CPU
		{BC2FD033-6F60-4E86-A51C-5CB175546978}.Debug|x64.Build.0 = Debug|Any CPU
		{BC2FD033-6F60-4E86-A51C-5CB175546978}.Debug|x86.ActiveCfg = Debug|Any CPU
		{BC2FD033-6F60-4E86-A51C-5CB175546978}.Debug|x86.Build.0 = Debug|Any CPU
		{BC2FD033-6F60-4E86-A51C-5CB175546978}.Release|Any CPU.ActiveCfg = Release|Any CPU
		{BC2FD033-6F60-4E86-A51C-5CB175546978}.Release|Any CPU.Build.0 = Release|Any CPU
		{BC2FD033-6F60-4E86-A51C-5CB175546978}.Release|ARM.ActiveCfg = Release|Any CPU
		{BC2FD033-6F60-4E86-A51C-5CB175546978}.Release|ARM.Build.0 = Release|Any CPU
		{BC2FD033-6F60-4E86-A51C-5CB175546978}.Release|ARM64.ActiveCfg = Release|Any CPU
		{BC2FD033-6F60-4E86-A51C-5CB175546978}.Release|ARM64.Build.0 = Release|Any CPU
		{BC2FD033-6F60-4E86-A51C-5CB175546978}.Release|x64.ActiveCfg = Release|Any CPU
		{BC2FD033-6F60-4E86-A51C-5CB175546978}.Release|x64.Build.0 = Release|Any CPU
		{BC2FD033-6F60-4E86-A51C-5CB175546978}.Release|x86.ActiveCfg = Release|Any CPU
		{BC2FD033-6F60-4E86-A51C-5CB175546978}.Release|x86.Build.0 = Release|Any CPU
		{36AE2341-BFDE-4E20-99E1-9C92F0A48E65}.Debug|Any CPU.ActiveCfg = Debug|Any CPU
		{36AE2341-BFDE-4E20-99E1-9C92F0A48E65}.Debug|Any CPU.Build.0 = Debug|Any CPU
		{36AE2341-BFDE-4E20-99E1-9C92F0A48E65}.Debug|ARM.ActiveCfg = Debug|Any CPU
		{36AE2341-BFDE-4E20-99E1-9C92F0A48E65}.Debug|ARM.Build.0 = Debug|Any CPU
		{36AE2341-BFDE-4E20-99E1-9C92F0A48E65}.Debug|ARM64.ActiveCfg = Debug|Any CPU
		{36AE2341-BFDE-4E20-99E1-9C92F0A48E65}.Debug|ARM64.Build.0 = Debug|Any CPU
		{36AE2341-BFDE-4E20-99E1-9C92F0A48E65}.Debug|x64.ActiveCfg = Debug|Any CPU
		{36AE2341-BFDE-4E20-99E1-9C92F0A48E65}.Debug|x64.Build.0 = Debug|Any CPU
		{36AE2341-BFDE-4E20-99E1-9C92F0A48E65}.Debug|x86.ActiveCfg = Debug|Any CPU
		{36AE2341-BFDE-4E20-99E1-9C92F0A48E65}.Debug|x86.Build.0 = Debug|Any CPU
		{36AE2341-BFDE-4E20-99E1-9C92F0A48E65}.Release|Any CPU.ActiveCfg = Release|Any CPU
		{36AE2341-BFDE-4E20-99E1-9C92F0A48E65}.Release|Any CPU.Build.0 = Release|Any CPU
		{36AE2341-BFDE-4E20-99E1-9C92F0A48E65}.Release|ARM.ActiveCfg = Release|Any CPU
		{36AE2341-BFDE-4E20-99E1-9C92F0A48E65}.Release|ARM.Build.0 = Release|Any CPU
		{36AE2341-BFDE-4E20-99E1-9C92F0A48E65}.Release|ARM64.ActiveCfg = Release|Any CPU
		{36AE2341-BFDE-4E20-99E1-9C92F0A48E65}.Release|ARM64.Build.0 = Release|Any CPU
		{36AE2341-BFDE-4E20-99E1-9C92F0A48E65}.Release|x64.ActiveCfg = Release|Any CPU
		{36AE2341-BFDE-4E20-99E1-9C92F0A48E65}.Release|x64.Build.0 = Release|Any CPU
		{36AE2341-BFDE-4E20-99E1-9C92F0A48E65}.Release|x86.ActiveCfg = Release|Any CPU
		{36AE2341-BFDE-4E20-99E1-9C92F0A48E65}.Release|x86.Build.0 = Release|Any CPU
		{7B9EEBBE-CE06-4B71-94C6-8B12EE756B34}.Debug|Any CPU.ActiveCfg = Debug|Any CPU
		{7B9EEBBE-CE06-4B71-94C6-8B12EE756B34}.Debug|Any CPU.Build.0 = Debug|Any CPU
		{7B9EEBBE-CE06-4B71-94C6-8B12EE756B34}.Debug|ARM.ActiveCfg = Debug|Any CPU
		{7B9EEBBE-CE06-4B71-94C6-8B12EE756B34}.Debug|ARM.Build.0 = Debug|Any CPU
		{7B9EEBBE-CE06-4B71-94C6-8B12EE756B34}.Debug|ARM64.ActiveCfg = Debug|Any CPU
		{7B9EEBBE-CE06-4B71-94C6-8B12EE756B34}.Debug|ARM64.Build.0 = Debug|Any CPU
		{7B9EEBBE-CE06-4B71-94C6-8B12EE756B34}.Debug|x64.ActiveCfg = Debug|Any CPU
		{7B9EEBBE-CE06-4B71-94C6-8B12EE756B34}.Debug|x64.Build.0 = Debug|Any CPU
		{7B9EEBBE-CE06-4B71-94C6-8B12EE756B34}.Debug|x86.ActiveCfg = Debug|Any CPU
		{7B9EEBBE-CE06-4B71-94C6-8B12EE756B34}.Debug|x86.Build.0 = Debug|Any CPU
		{7B9EEBBE-CE06-4B71-94C6-8B12EE756B34}.Release|Any CPU.ActiveCfg = Release|Any CPU
		{7B9EEBBE-CE06-4B71-94C6-8B12EE756B34}.Release|Any CPU.Build.0 = Release|Any CPU
		{7B9EEBBE-CE06-4B71-94C6-8B12EE756B34}.Release|ARM.ActiveCfg = Release|Any CPU
		{7B9EEBBE-CE06-4B71-94C6-8B12EE756B34}.Release|ARM.Build.0 = Release|Any CPU
		{7B9EEBBE-CE06-4B71-94C6-8B12EE756B34}.Release|ARM64.ActiveCfg = Release|Any CPU
		{7B9EEBBE-CE06-4B71-94C6-8B12EE756B34}.Release|ARM64.Build.0 = Release|Any CPU
		{7B9EEBBE-CE06-4B71-94C6-8B12EE756B34}.Release|x64.ActiveCfg = Release|Any CPU
		{7B9EEBBE-CE06-4B71-94C6-8B12EE756B34}.Release|x64.Build.0 = Release|Any CPU
		{7B9EEBBE-CE06-4B71-94C6-8B12EE756B34}.Release|x86.ActiveCfg = Release|Any CPU
		{7B9EEBBE-CE06-4B71-94C6-8B12EE756B34}.Release|x86.Build.0 = Release|Any CPU
		{349701E0-4FB1-495D-A76E-CE3250F82B06}.Debug|Any CPU.ActiveCfg = Debug|Any CPU
		{349701E0-4FB1-495D-A76E-CE3250F82B06}.Debug|Any CPU.Build.0 = Debug|Any CPU
		{349701E0-4FB1-495D-A76E-CE3250F82B06}.Debug|ARM.ActiveCfg = Debug|Any CPU
		{349701E0-4FB1-495D-A76E-CE3250F82B06}.Debug|ARM.Build.0 = Debug|Any CPU
		{349701E0-4FB1-495D-A76E-CE3250F82B06}.Debug|ARM64.ActiveCfg = Debug|Any CPU
		{349701E0-4FB1-495D-A76E-CE3250F82B06}.Debug|ARM64.Build.0 = Debug|Any CPU
		{349701E0-4FB1-495D-A76E-CE3250F82B06}.Debug|x64.ActiveCfg = Debug|Any CPU
		{349701E0-4FB1-495D-A76E-CE3250F82B06}.Debug|x64.Build.0 = Debug|Any CPU
		{349701E0-4FB1-495D-A76E-CE3250F82B06}.Debug|x86.ActiveCfg = Debug|Any CPU
		{349701E0-4FB1-495D-A76E-CE3250F82B06}.Debug|x86.Build.0 = Debug|Any CPU
		{349701E0-4FB1-495D-A76E-CE3250F82B06}.Release|Any CPU.ActiveCfg = Release|Any CPU
		{349701E0-4FB1-495D-A76E-CE3250F82B06}.Release|Any CPU.Build.0 = Release|Any CPU
		{349701E0-4FB1-495D-A76E-CE3250F82B06}.Release|ARM.ActiveCfg = Release|Any CPU
		{349701E0-4FB1-495D-A76E-CE3250F82B06}.Release|ARM.Build.0 = Release|Any CPU
		{349701E0-4FB1-495D-A76E-CE3250F82B06}.Release|ARM64.ActiveCfg = Release|Any CPU
		{349701E0-4FB1-495D-A76E-CE3250F82B06}.Release|ARM64.Build.0 = Release|Any CPU
		{349701E0-4FB1-495D-A76E-CE3250F82B06}.Release|x64.ActiveCfg = Release|Any CPU
		{349701E0-4FB1-495D-A76E-CE3250F82B06}.Release|x64.Build.0 = Release|Any CPU
		{349701E0-4FB1-495D-A76E-CE3250F82B06}.Release|x86.ActiveCfg = Release|Any CPU
		{349701E0-4FB1-495D-A76E-CE3250F82B06}.Release|x86.Build.0 = Release|Any CPU
		{27AAC79E-7307-46D1-9730-C6BCAADDF8C3}.Debug|Any CPU.ActiveCfg = Debug|Any CPU
		{27AAC79E-7307-46D1-9730-C6BCAADDF8C3}.Debug|Any CPU.Build.0 = Debug|Any CPU
		{27AAC79E-7307-46D1-9730-C6BCAADDF8C3}.Debug|ARM.ActiveCfg = Debug|Any CPU
		{27AAC79E-7307-46D1-9730-C6BCAADDF8C3}.Debug|ARM.Build.0 = Debug|Any CPU
		{27AAC79E-7307-46D1-9730-C6BCAADDF8C3}.Debug|ARM64.ActiveCfg = Debug|Any CPU
		{27AAC79E-7307-46D1-9730-C6BCAADDF8C3}.Debug|ARM64.Build.0 = Debug|Any CPU
		{27AAC79E-7307-46D1-9730-C6BCAADDF8C3}.Debug|x64.ActiveCfg = Debug|Any CPU
		{27AAC79E-7307-46D1-9730-C6BCAADDF8C3}.Debug|x64.Build.0 = Debug|Any CPU
		{27AAC79E-7307-46D1-9730-C6BCAADDF8C3}.Debug|x86.ActiveCfg = Debug|Any CPU
		{27AAC79E-7307-46D1-9730-C6BCAADDF8C3}.Debug|x86.Build.0 = Debug|Any CPU
		{27AAC79E-7307-46D1-9730-C6BCAADDF8C3}.Release|Any CPU.ActiveCfg = Release|Any CPU
		{27AAC79E-7307-46D1-9730-C6BCAADDF8C3}.Release|Any CPU.Build.0 = Release|Any CPU
		{27AAC79E-7307-46D1-9730-C6BCAADDF8C3}.Release|ARM.ActiveCfg = Release|Any CPU
		{27AAC79E-7307-46D1-9730-C6BCAADDF8C3}.Release|ARM.Build.0 = Release|Any CPU
		{27AAC79E-7307-46D1-9730-C6BCAADDF8C3}.Release|ARM64.ActiveCfg = Release|Any CPU
		{27AAC79E-7307-46D1-9730-C6BCAADDF8C3}.Release|ARM64.Build.0 = Release|Any CPU
		{27AAC79E-7307-46D1-9730-C6BCAADDF8C3}.Release|x64.ActiveCfg = Release|Any CPU
		{27AAC79E-7307-46D1-9730-C6BCAADDF8C3}.Release|x64.Build.0 = Release|Any CPU
		{27AAC79E-7307-46D1-9730-C6BCAADDF8C3}.Release|x86.ActiveCfg = Release|Any CPU
		{27AAC79E-7307-46D1-9730-C6BCAADDF8C3}.Release|x86.Build.0 = Release|Any CPU
		{83A93C34-1505-48E7-B9D6-137F35065BFE}.Debug|Any CPU.ActiveCfg = Debug|Any CPU
		{83A93C34-1505-48E7-B9D6-137F35065BFE}.Debug|Any CPU.Build.0 = Debug|Any CPU
		{83A93C34-1505-48E7-B9D6-137F35065BFE}.Debug|ARM.ActiveCfg = Debug|Any CPU
		{83A93C34-1505-48E7-B9D6-137F35065BFE}.Debug|ARM.Build.0 = Debug|Any CPU
		{83A93C34-1505-48E7-B9D6-137F35065BFE}.Debug|ARM64.ActiveCfg = Debug|Any CPU
		{83A93C34-1505-48E7-B9D6-137F35065BFE}.Debug|ARM64.Build.0 = Debug|Any CPU
		{83A93C34-1505-48E7-B9D6-137F35065BFE}.Debug|x64.ActiveCfg = Debug|x64
		{83A93C34-1505-48E7-B9D6-137F35065BFE}.Debug|x64.Build.0 = Debug|x64
		{83A93C34-1505-48E7-B9D6-137F35065BFE}.Debug|x86.ActiveCfg = Debug|x86
		{83A93C34-1505-48E7-B9D6-137F35065BFE}.Debug|x86.Build.0 = Debug|x86
		{83A93C34-1505-48E7-B9D6-137F35065BFE}.Release|Any CPU.ActiveCfg = Release|Any CPU
		{83A93C34-1505-48E7-B9D6-137F35065BFE}.Release|Any CPU.Build.0 = Release|Any CPU
		{83A93C34-1505-48E7-B9D6-137F35065BFE}.Release|ARM.ActiveCfg = Release|Any CPU
		{83A93C34-1505-48E7-B9D6-137F35065BFE}.Release|ARM.Build.0 = Release|Any CPU
		{83A93C34-1505-48E7-B9D6-137F35065BFE}.Release|ARM64.ActiveCfg = Release|Any CPU
		{83A93C34-1505-48E7-B9D6-137F35065BFE}.Release|ARM64.Build.0 = Release|Any CPU
		{83A93C34-1505-48E7-B9D6-137F35065BFE}.Release|x64.ActiveCfg = Release|x64
		{83A93C34-1505-48E7-B9D6-137F35065BFE}.Release|x64.Build.0 = Release|x64
		{83A93C34-1505-48E7-B9D6-137F35065BFE}.Release|x86.ActiveCfg = Release|x86
		{83A93C34-1505-48E7-B9D6-137F35065BFE}.Release|x86.Build.0 = Release|x86
		{D9D04F52-FCC0-4520-8B18-432F50FCF632}.Debug|Any CPU.ActiveCfg = Debug|Any CPU
		{D9D04F52-FCC0-4520-8B18-432F50FCF632}.Debug|Any CPU.Build.0 = Debug|Any CPU
		{D9D04F52-FCC0-4520-8B18-432F50FCF632}.Debug|ARM.ActiveCfg = Debug|Any CPU
		{D9D04F52-FCC0-4520-8B18-432F50FCF632}.Debug|ARM.Build.0 = Debug|Any CPU
		{D9D04F52-FCC0-4520-8B18-432F50FCF632}.Debug|ARM64.ActiveCfg = Debug|Any CPU
		{D9D04F52-FCC0-4520-8B18-432F50FCF632}.Debug|ARM64.Build.0 = Debug|Any CPU
		{D9D04F52-FCC0-4520-8B18-432F50FCF632}.Debug|x64.ActiveCfg = Debug|Any CPU
		{D9D04F52-FCC0-4520-8B18-432F50FCF632}.Debug|x64.Build.0 = Debug|Any CPU
		{D9D04F52-FCC0-4520-8B18-432F50FCF632}.Debug|x86.ActiveCfg = Debug|Any CPU
		{D9D04F52-FCC0-4520-8B18-432F50FCF632}.Debug|x86.Build.0 = Debug|Any CPU
		{D9D04F52-FCC0-4520-8B18-432F50FCF632}.Release|Any CPU.ActiveCfg = Release|Any CPU
		{D9D04F52-FCC0-4520-8B18-432F50FCF632}.Release|Any CPU.Build.0 = Release|Any CPU
		{D9D04F52-FCC0-4520-8B18-432F50FCF632}.Release|ARM.ActiveCfg = Release|Any CPU
		{D9D04F52-FCC0-4520-8B18-432F50FCF632}.Release|ARM.Build.0 = Release|Any CPU
		{D9D04F52-FCC0-4520-8B18-432F50FCF632}.Release|ARM64.ActiveCfg = Release|Any CPU
		{D9D04F52-FCC0-4520-8B18-432F50FCF632}.Release|ARM64.Build.0 = Release|Any CPU
		{D9D04F52-FCC0-4520-8B18-432F50FCF632}.Release|x64.ActiveCfg = Release|Any CPU
		{D9D04F52-FCC0-4520-8B18-432F50FCF632}.Release|x64.Build.0 = Release|Any CPU
		{D9D04F52-FCC0-4520-8B18-432F50FCF632}.Release|x86.ActiveCfg = Release|Any CPU
		{D9D04F52-FCC0-4520-8B18-432F50FCF632}.Release|x86.Build.0 = Release|Any CPU
		{0C62203F-20D9-4BC4-92B1-C3CBA7D84694}.Debug|Any CPU.ActiveCfg = Debug|Any CPU
		{0C62203F-20D9-4BC4-92B1-C3CBA7D84694}.Debug|Any CPU.Build.0 = Debug|Any CPU
		{0C62203F-20D9-4BC4-92B1-C3CBA7D84694}.Debug|ARM.ActiveCfg = Debug|Any CPU
		{0C62203F-20D9-4BC4-92B1-C3CBA7D84694}.Debug|ARM.Build.0 = Debug|Any CPU
		{0C62203F-20D9-4BC4-92B1-C3CBA7D84694}.Debug|ARM64.ActiveCfg = Debug|Any CPU
		{0C62203F-20D9-4BC4-92B1-C3CBA7D84694}.Debug|ARM64.Build.0 = Debug|Any CPU
		{0C62203F-20D9-4BC4-92B1-C3CBA7D84694}.Debug|x64.ActiveCfg = Debug|Any CPU
		{0C62203F-20D9-4BC4-92B1-C3CBA7D84694}.Debug|x64.Build.0 = Debug|Any CPU
		{0C62203F-20D9-4BC4-92B1-C3CBA7D84694}.Debug|x86.ActiveCfg = Debug|Any CPU
		{0C62203F-20D9-4BC4-92B1-C3CBA7D84694}.Debug|x86.Build.0 = Debug|Any CPU
		{0C62203F-20D9-4BC4-92B1-C3CBA7D84694}.Release|Any CPU.ActiveCfg = Release|Any CPU
		{0C62203F-20D9-4BC4-92B1-C3CBA7D84694}.Release|Any CPU.Build.0 = Release|Any CPU
		{0C62203F-20D9-4BC4-92B1-C3CBA7D84694}.Release|ARM.ActiveCfg = Release|Any CPU
		{0C62203F-20D9-4BC4-92B1-C3CBA7D84694}.Release|ARM.Build.0 = Release|Any CPU
		{0C62203F-20D9-4BC4-92B1-C3CBA7D84694}.Release|ARM64.ActiveCfg = Release|Any CPU
		{0C62203F-20D9-4BC4-92B1-C3CBA7D84694}.Release|ARM64.Build.0 = Release|Any CPU
		{0C62203F-20D9-4BC4-92B1-C3CBA7D84694}.Release|x64.ActiveCfg = Release|Any CPU
		{0C62203F-20D9-4BC4-92B1-C3CBA7D84694}.Release|x64.Build.0 = Release|Any CPU
		{0C62203F-20D9-4BC4-92B1-C3CBA7D84694}.Release|x86.ActiveCfg = Release|Any CPU
		{0C62203F-20D9-4BC4-92B1-C3CBA7D84694}.Release|x86.Build.0 = Release|Any CPU
		{9D0957F9-B8EB-46B2-BC78-244DDD973C12}.Debug|Any CPU.ActiveCfg = Debug|Any CPU
		{9D0957F9-B8EB-46B2-BC78-244DDD973C12}.Debug|Any CPU.Build.0 = Debug|Any CPU
		{9D0957F9-B8EB-46B2-BC78-244DDD973C12}.Debug|ARM.ActiveCfg = Debug|Any CPU
		{9D0957F9-B8EB-46B2-BC78-244DDD973C12}.Debug|ARM.Build.0 = Debug|Any CPU
		{9D0957F9-B8EB-46B2-BC78-244DDD973C12}.Debug|ARM64.ActiveCfg = Debug|Any CPU
		{9D0957F9-B8EB-46B2-BC78-244DDD973C12}.Debug|ARM64.Build.0 = Debug|Any CPU
		{9D0957F9-B8EB-46B2-BC78-244DDD973C12}.Debug|x64.ActiveCfg = Debug|Any CPU
		{9D0957F9-B8EB-46B2-BC78-244DDD973C12}.Debug|x64.Build.0 = Debug|Any CPU
		{9D0957F9-B8EB-46B2-BC78-244DDD973C12}.Debug|x86.ActiveCfg = Debug|Any CPU
		{9D0957F9-B8EB-46B2-BC78-244DDD973C12}.Debug|x86.Build.0 = Debug|Any CPU
		{9D0957F9-B8EB-46B2-BC78-244DDD973C12}.Release|Any CPU.ActiveCfg = Release|Any CPU
		{9D0957F9-B8EB-46B2-BC78-244DDD973C12}.Release|Any CPU.Build.0 = Release|Any CPU
		{9D0957F9-B8EB-46B2-BC78-244DDD973C12}.Release|ARM.ActiveCfg = Release|Any CPU
		{9D0957F9-B8EB-46B2-BC78-244DDD973C12}.Release|ARM.Build.0 = Release|Any CPU
		{9D0957F9-B8EB-46B2-BC78-244DDD973C12}.Release|ARM64.ActiveCfg = Release|Any CPU
		{9D0957F9-B8EB-46B2-BC78-244DDD973C12}.Release|ARM64.Build.0 = Release|Any CPU
		{9D0957F9-B8EB-46B2-BC78-244DDD973C12}.Release|x64.ActiveCfg = Release|Any CPU
		{9D0957F9-B8EB-46B2-BC78-244DDD973C12}.Release|x64.Build.0 = Release|Any CPU
		{9D0957F9-B8EB-46B2-BC78-244DDD973C12}.Release|x86.ActiveCfg = Release|Any CPU
		{9D0957F9-B8EB-46B2-BC78-244DDD973C12}.Release|x86.Build.0 = Release|Any CPU
		{4F4F5A24-3F16-4B78-9C5D-F1475170AB27}.Debug|Any CPU.ActiveCfg = Debug|Any CPU
		{4F4F5A24-3F16-4B78-9C5D-F1475170AB27}.Debug|Any CPU.Build.0 = Debug|Any CPU
		{4F4F5A24-3F16-4B78-9C5D-F1475170AB27}.Debug|ARM.ActiveCfg = Debug|Any CPU
		{4F4F5A24-3F16-4B78-9C5D-F1475170AB27}.Debug|ARM.Build.0 = Debug|Any CPU
		{4F4F5A24-3F16-4B78-9C5D-F1475170AB27}.Debug|ARM64.ActiveCfg = Debug|Any CPU
		{4F4F5A24-3F16-4B78-9C5D-F1475170AB27}.Debug|ARM64.Build.0 = Debug|Any CPU
		{4F4F5A24-3F16-4B78-9C5D-F1475170AB27}.Debug|x64.ActiveCfg = Debug|Any CPU
		{4F4F5A24-3F16-4B78-9C5D-F1475170AB27}.Debug|x64.Build.0 = Debug|Any CPU
		{4F4F5A24-3F16-4B78-9C5D-F1475170AB27}.Debug|x86.ActiveCfg = Debug|Any CPU
		{4F4F5A24-3F16-4B78-9C5D-F1475170AB27}.Debug|x86.Build.0 = Debug|Any CPU
		{4F4F5A24-3F16-4B78-9C5D-F1475170AB27}.Release|Any CPU.ActiveCfg = Release|Any CPU
		{4F4F5A24-3F16-4B78-9C5D-F1475170AB27}.Release|Any CPU.Build.0 = Release|Any CPU
		{4F4F5A24-3F16-4B78-9C5D-F1475170AB27}.Release|ARM.ActiveCfg = Release|Any CPU
		{4F4F5A24-3F16-4B78-9C5D-F1475170AB27}.Release|ARM.Build.0 = Release|Any CPU
		{4F4F5A24-3F16-4B78-9C5D-F1475170AB27}.Release|ARM64.ActiveCfg = Release|Any CPU
		{4F4F5A24-3F16-4B78-9C5D-F1475170AB27}.Release|ARM64.Build.0 = Release|Any CPU
		{4F4F5A24-3F16-4B78-9C5D-F1475170AB27}.Release|x64.ActiveCfg = Release|Any CPU
		{4F4F5A24-3F16-4B78-9C5D-F1475170AB27}.Release|x64.Build.0 = Release|Any CPU
		{4F4F5A24-3F16-4B78-9C5D-F1475170AB27}.Release|x86.ActiveCfg = Release|Any CPU
		{4F4F5A24-3F16-4B78-9C5D-F1475170AB27}.Release|x86.Build.0 = Release|Any CPU
		{B1BFB57D-65A0-487C-A4DB-6BE82397A2D3}.Debug|Any CPU.ActiveCfg = Debug|Any CPU
		{B1BFB57D-65A0-487C-A4DB-6BE82397A2D3}.Debug|Any CPU.Build.0 = Debug|Any CPU
		{B1BFB57D-65A0-487C-A4DB-6BE82397A2D3}.Debug|ARM.ActiveCfg = Debug|Any CPU
		{B1BFB57D-65A0-487C-A4DB-6BE82397A2D3}.Debug|ARM.Build.0 = Debug|Any CPU
		{B1BFB57D-65A0-487C-A4DB-6BE82397A2D3}.Debug|ARM64.ActiveCfg = Debug|Any CPU
		{B1BFB57D-65A0-487C-A4DB-6BE82397A2D3}.Debug|ARM64.Build.0 = Debug|Any CPU
		{B1BFB57D-65A0-487C-A4DB-6BE82397A2D3}.Debug|x64.ActiveCfg = Debug|Any CPU
		{B1BFB57D-65A0-487C-A4DB-6BE82397A2D3}.Debug|x64.Build.0 = Debug|Any CPU
		{B1BFB57D-65A0-487C-A4DB-6BE82397A2D3}.Debug|x86.ActiveCfg = Debug|Any CPU
		{B1BFB57D-65A0-487C-A4DB-6BE82397A2D3}.Debug|x86.Build.0 = Debug|Any CPU
		{B1BFB57D-65A0-487C-A4DB-6BE82397A2D3}.Release|Any CPU.ActiveCfg = Release|Any CPU
		{B1BFB57D-65A0-487C-A4DB-6BE82397A2D3}.Release|Any CPU.Build.0 = Release|Any CPU
		{B1BFB57D-65A0-487C-A4DB-6BE82397A2D3}.Release|ARM.ActiveCfg = Release|Any CPU
		{B1BFB57D-65A0-487C-A4DB-6BE82397A2D3}.Release|ARM.Build.0 = Release|Any CPU
		{B1BFB57D-65A0-487C-A4DB-6BE82397A2D3}.Release|ARM64.ActiveCfg = Release|Any CPU
		{B1BFB57D-65A0-487C-A4DB-6BE82397A2D3}.Release|ARM64.Build.0 = Release|Any CPU
		{B1BFB57D-65A0-487C-A4DB-6BE82397A2D3}.Release|x64.ActiveCfg = Release|Any CPU
		{B1BFB57D-65A0-487C-A4DB-6BE82397A2D3}.Release|x64.Build.0 = Release|Any CPU
		{B1BFB57D-65A0-487C-A4DB-6BE82397A2D3}.Release|x86.ActiveCfg = Release|Any CPU
		{B1BFB57D-65A0-487C-A4DB-6BE82397A2D3}.Release|x86.Build.0 = Release|Any CPU
		{764E6991-16E5-4997-8902-8B9C91E8F165}.Debug|Any CPU.ActiveCfg = Debug|Any CPU
		{764E6991-16E5-4997-8902-8B9C91E8F165}.Debug|Any CPU.Build.0 = Debug|Any CPU
		{764E6991-16E5-4997-8902-8B9C91E8F165}.Debug|ARM.ActiveCfg = Debug|Any CPU
		{764E6991-16E5-4997-8902-8B9C91E8F165}.Debug|ARM.Build.0 = Debug|Any CPU
		{764E6991-16E5-4997-8902-8B9C91E8F165}.Debug|ARM64.ActiveCfg = Debug|Any CPU
		{764E6991-16E5-4997-8902-8B9C91E8F165}.Debug|ARM64.Build.0 = Debug|Any CPU
		{764E6991-16E5-4997-8902-8B9C91E8F165}.Debug|x64.ActiveCfg = Debug|Any CPU
		{764E6991-16E5-4997-8902-8B9C91E8F165}.Debug|x64.Build.0 = Debug|Any CPU
		{764E6991-16E5-4997-8902-8B9C91E8F165}.Debug|x86.ActiveCfg = Debug|Any CPU
		{764E6991-16E5-4997-8902-8B9C91E8F165}.Debug|x86.Build.0 = Debug|Any CPU
		{764E6991-16E5-4997-8902-8B9C91E8F165}.Release|Any CPU.ActiveCfg = Release|Any CPU
		{764E6991-16E5-4997-8902-8B9C91E8F165}.Release|Any CPU.Build.0 = Release|Any CPU
		{764E6991-16E5-4997-8902-8B9C91E8F165}.Release|ARM.ActiveCfg = Release|Any CPU
		{764E6991-16E5-4997-8902-8B9C91E8F165}.Release|ARM.Build.0 = Release|Any CPU
		{764E6991-16E5-4997-8902-8B9C91E8F165}.Release|ARM64.ActiveCfg = Release|Any CPU
		{764E6991-16E5-4997-8902-8B9C91E8F165}.Release|ARM64.Build.0 = Release|Any CPU
		{764E6991-16E5-4997-8902-8B9C91E8F165}.Release|x64.ActiveCfg = Release|Any CPU
		{764E6991-16E5-4997-8902-8B9C91E8F165}.Release|x64.Build.0 = Release|Any CPU
		{764E6991-16E5-4997-8902-8B9C91E8F165}.Release|x86.ActiveCfg = Release|Any CPU
		{764E6991-16E5-4997-8902-8B9C91E8F165}.Release|x86.Build.0 = Release|Any CPU
		{B6457ED1-2539-4CBC-B247-4278FD9E1092}.Debug|Any CPU.ActiveCfg = Debug|Any CPU
		{B6457ED1-2539-4CBC-B247-4278FD9E1092}.Debug|Any CPU.Build.0 = Debug|Any CPU
		{B6457ED1-2539-4CBC-B247-4278FD9E1092}.Debug|ARM.ActiveCfg = Debug|Any CPU
		{B6457ED1-2539-4CBC-B247-4278FD9E1092}.Debug|ARM.Build.0 = Debug|Any CPU
		{B6457ED1-2539-4CBC-B247-4278FD9E1092}.Debug|ARM64.ActiveCfg = Debug|Any CPU
		{B6457ED1-2539-4CBC-B247-4278FD9E1092}.Debug|ARM64.Build.0 = Debug|Any CPU
		{B6457ED1-2539-4CBC-B247-4278FD9E1092}.Debug|x64.ActiveCfg = Debug|Any CPU
		{B6457ED1-2539-4CBC-B247-4278FD9E1092}.Debug|x64.Build.0 = Debug|Any CPU
		{B6457ED1-2539-4CBC-B247-4278FD9E1092}.Debug|x86.ActiveCfg = Debug|Any CPU
		{B6457ED1-2539-4CBC-B247-4278FD9E1092}.Debug|x86.Build.0 = Debug|Any CPU
		{B6457ED1-2539-4CBC-B247-4278FD9E1092}.Release|Any CPU.ActiveCfg = Release|Any CPU
		{B6457ED1-2539-4CBC-B247-4278FD9E1092}.Release|Any CPU.Build.0 = Release|Any CPU
		{B6457ED1-2539-4CBC-B247-4278FD9E1092}.Release|ARM.ActiveCfg = Release|Any CPU
		{B6457ED1-2539-4CBC-B247-4278FD9E1092}.Release|ARM.Build.0 = Release|Any CPU
		{B6457ED1-2539-4CBC-B247-4278FD9E1092}.Release|ARM64.ActiveCfg = Release|Any CPU
		{B6457ED1-2539-4CBC-B247-4278FD9E1092}.Release|ARM64.Build.0 = Release|Any CPU
		{B6457ED1-2539-4CBC-B247-4278FD9E1092}.Release|x64.ActiveCfg = Release|Any CPU
		{B6457ED1-2539-4CBC-B247-4278FD9E1092}.Release|x64.Build.0 = Release|Any CPU
		{B6457ED1-2539-4CBC-B247-4278FD9E1092}.Release|x86.ActiveCfg = Release|Any CPU
		{B6457ED1-2539-4CBC-B247-4278FD9E1092}.Release|x86.Build.0 = Release|Any CPU
		{A96B14EE-12BE-43CF-9CBB-2D8798F6C926}.Debug|Any CPU.ActiveCfg = Debug|Any CPU
		{A96B14EE-12BE-43CF-9CBB-2D8798F6C926}.Debug|Any CPU.Build.0 = Debug|Any CPU
		{A96B14EE-12BE-43CF-9CBB-2D8798F6C926}.Debug|ARM.ActiveCfg = Debug|Any CPU
		{A96B14EE-12BE-43CF-9CBB-2D8798F6C926}.Debug|ARM.Build.0 = Debug|Any CPU
		{A96B14EE-12BE-43CF-9CBB-2D8798F6C926}.Debug|ARM64.ActiveCfg = Debug|Any CPU
		{A96B14EE-12BE-43CF-9CBB-2D8798F6C926}.Debug|ARM64.Build.0 = Debug|Any CPU
		{A96B14EE-12BE-43CF-9CBB-2D8798F6C926}.Debug|x64.ActiveCfg = Debug|x64
		{A96B14EE-12BE-43CF-9CBB-2D8798F6C926}.Debug|x64.Build.0 = Debug|x64
		{A96B14EE-12BE-43CF-9CBB-2D8798F6C926}.Debug|x86.ActiveCfg = Debug|Any CPU
		{A96B14EE-12BE-43CF-9CBB-2D8798F6C926}.Debug|x86.Build.0 = Debug|Any CPU
		{A96B14EE-12BE-43CF-9CBB-2D8798F6C926}.Release|Any CPU.ActiveCfg = Release|Any CPU
		{A96B14EE-12BE-43CF-9CBB-2D8798F6C926}.Release|Any CPU.Build.0 = Release|Any CPU
		{A96B14EE-12BE-43CF-9CBB-2D8798F6C926}.Release|ARM.ActiveCfg = Release|Any CPU
		{A96B14EE-12BE-43CF-9CBB-2D8798F6C926}.Release|ARM.Build.0 = Release|Any CPU
		{A96B14EE-12BE-43CF-9CBB-2D8798F6C926}.Release|ARM64.ActiveCfg = Release|Any CPU
		{A96B14EE-12BE-43CF-9CBB-2D8798F6C926}.Release|ARM64.Build.0 = Release|Any CPU
		{A96B14EE-12BE-43CF-9CBB-2D8798F6C926}.Release|x64.ActiveCfg = Release|x64
		{A96B14EE-12BE-43CF-9CBB-2D8798F6C926}.Release|x64.Build.0 = Release|x64
		{A96B14EE-12BE-43CF-9CBB-2D8798F6C926}.Release|x86.ActiveCfg = Release|Any CPU
		{A96B14EE-12BE-43CF-9CBB-2D8798F6C926}.Release|x86.Build.0 = Release|Any CPU
		{F1ADBC82-079C-444B-987F-2E02BF9B5FC3}.Debug|Any CPU.ActiveCfg = Debug|Any CPU
		{F1ADBC82-079C-444B-987F-2E02BF9B5FC3}.Debug|Any CPU.Build.0 = Debug|Any CPU
		{F1ADBC82-079C-444B-987F-2E02BF9B5FC3}.Debug|ARM.ActiveCfg = Debug|Any CPU
		{F1ADBC82-079C-444B-987F-2E02BF9B5FC3}.Debug|ARM.Build.0 = Debug|Any CPU
		{F1ADBC82-079C-444B-987F-2E02BF9B5FC3}.Debug|ARM64.ActiveCfg = Debug|Any CPU
		{F1ADBC82-079C-444B-987F-2E02BF9B5FC3}.Debug|ARM64.Build.0 = Debug|Any CPU
		{F1ADBC82-079C-444B-987F-2E02BF9B5FC3}.Debug|x64.ActiveCfg = Debug|Any CPU
		{F1ADBC82-079C-444B-987F-2E02BF9B5FC3}.Debug|x64.Build.0 = Debug|Any CPU
		{F1ADBC82-079C-444B-987F-2E02BF9B5FC3}.Debug|x86.ActiveCfg = Debug|Any CPU
		{F1ADBC82-079C-444B-987F-2E02BF9B5FC3}.Debug|x86.Build.0 = Debug|Any CPU
		{F1ADBC82-079C-444B-987F-2E02BF9B5FC3}.Release|Any CPU.ActiveCfg = Release|Any CPU
		{F1ADBC82-079C-444B-987F-2E02BF9B5FC3}.Release|Any CPU.Build.0 = Release|Any CPU
		{F1ADBC82-079C-444B-987F-2E02BF9B5FC3}.Release|ARM.ActiveCfg = Release|Any CPU
		{F1ADBC82-079C-444B-987F-2E02BF9B5FC3}.Release|ARM.Build.0 = Release|Any CPU
		{F1ADBC82-079C-444B-987F-2E02BF9B5FC3}.Release|ARM64.ActiveCfg = Release|Any CPU
		{F1ADBC82-079C-444B-987F-2E02BF9B5FC3}.Release|ARM64.Build.0 = Release|Any CPU
		{F1ADBC82-079C-444B-987F-2E02BF9B5FC3}.Release|x64.ActiveCfg = Release|Any CPU
		{F1ADBC82-079C-444B-987F-2E02BF9B5FC3}.Release|x64.Build.0 = Release|Any CPU
		{F1ADBC82-079C-444B-987F-2E02BF9B5FC3}.Release|x86.ActiveCfg = Release|Any CPU
		{F1ADBC82-079C-444B-987F-2E02BF9B5FC3}.Release|x86.Build.0 = Release|Any CPU
		{CD5254D5-0D77-41E0-A14B-A7793B930C2E}.Debug|Any CPU.ActiveCfg = Debug|Any CPU
		{CD5254D5-0D77-41E0-A14B-A7793B930C2E}.Debug|Any CPU.Build.0 = Debug|Any CPU
		{CD5254D5-0D77-41E0-A14B-A7793B930C2E}.Debug|ARM.ActiveCfg = Debug|Any CPU
		{CD5254D5-0D77-41E0-A14B-A7793B930C2E}.Debug|ARM.Build.0 = Debug|Any CPU
		{CD5254D5-0D77-41E0-A14B-A7793B930C2E}.Debug|ARM64.ActiveCfg = Debug|Any CPU
		{CD5254D5-0D77-41E0-A14B-A7793B930C2E}.Debug|ARM64.Build.0 = Debug|Any CPU
		{CD5254D5-0D77-41E0-A14B-A7793B930C2E}.Debug|x64.ActiveCfg = Debug|Any CPU
		{CD5254D5-0D77-41E0-A14B-A7793B930C2E}.Debug|x64.Build.0 = Debug|Any CPU
		{CD5254D5-0D77-41E0-A14B-A7793B930C2E}.Debug|x86.ActiveCfg = Debug|Any CPU
		{CD5254D5-0D77-41E0-A14B-A7793B930C2E}.Debug|x86.Build.0 = Debug|Any CPU
		{CD5254D5-0D77-41E0-A14B-A7793B930C2E}.Release|Any CPU.ActiveCfg = Release|Any CPU
		{CD5254D5-0D77-41E0-A14B-A7793B930C2E}.Release|Any CPU.Build.0 = Release|Any CPU
		{CD5254D5-0D77-41E0-A14B-A7793B930C2E}.Release|ARM.ActiveCfg = Release|Any CPU
		{CD5254D5-0D77-41E0-A14B-A7793B930C2E}.Release|ARM.Build.0 = Release|Any CPU
		{CD5254D5-0D77-41E0-A14B-A7793B930C2E}.Release|ARM64.ActiveCfg = Release|Any CPU
		{CD5254D5-0D77-41E0-A14B-A7793B930C2E}.Release|ARM64.Build.0 = Release|Any CPU
		{CD5254D5-0D77-41E0-A14B-A7793B930C2E}.Release|x64.ActiveCfg = Release|Any CPU
		{CD5254D5-0D77-41E0-A14B-A7793B930C2E}.Release|x64.Build.0 = Release|Any CPU
		{CD5254D5-0D77-41E0-A14B-A7793B930C2E}.Release|x86.ActiveCfg = Release|Any CPU
		{CD5254D5-0D77-41E0-A14B-A7793B930C2E}.Release|x86.Build.0 = Release|Any CPU
		{6CE14B7C-274D-422A-8621-FEF67355E070}.Debug|Any CPU.ActiveCfg = Debug|Any CPU
		{6CE14B7C-274D-422A-8621-FEF67355E070}.Debug|Any CPU.Build.0 = Debug|Any CPU
		{6CE14B7C-274D-422A-8621-FEF67355E070}.Debug|ARM.ActiveCfg = Debug|Any CPU
		{6CE14B7C-274D-422A-8621-FEF67355E070}.Debug|ARM.Build.0 = Debug|Any CPU
		{6CE14B7C-274D-422A-8621-FEF67355E070}.Debug|ARM64.ActiveCfg = Debug|Any CPU
		{6CE14B7C-274D-422A-8621-FEF67355E070}.Debug|ARM64.Build.0 = Debug|Any CPU
		{6CE14B7C-274D-422A-8621-FEF67355E070}.Debug|x64.ActiveCfg = Debug|Any CPU
		{6CE14B7C-274D-422A-8621-FEF67355E070}.Debug|x64.Build.0 = Debug|Any CPU
		{6CE14B7C-274D-422A-8621-FEF67355E070}.Debug|x86.ActiveCfg = Debug|Any CPU
		{6CE14B7C-274D-422A-8621-FEF67355E070}.Debug|x86.Build.0 = Debug|Any CPU
		{6CE14B7C-274D-422A-8621-FEF67355E070}.Release|Any CPU.ActiveCfg = Release|Any CPU
		{6CE14B7C-274D-422A-8621-FEF67355E070}.Release|Any CPU.Build.0 = Release|Any CPU
		{6CE14B7C-274D-422A-8621-FEF67355E070}.Release|ARM.ActiveCfg = Release|Any CPU
		{6CE14B7C-274D-422A-8621-FEF67355E070}.Release|ARM.Build.0 = Release|Any CPU
		{6CE14B7C-274D-422A-8621-FEF67355E070}.Release|ARM64.ActiveCfg = Release|Any CPU
		{6CE14B7C-274D-422A-8621-FEF67355E070}.Release|ARM64.Build.0 = Release|Any CPU
		{6CE14B7C-274D-422A-8621-FEF67355E070}.Release|x64.ActiveCfg = Release|Any CPU
		{6CE14B7C-274D-422A-8621-FEF67355E070}.Release|x64.Build.0 = Release|Any CPU
		{6CE14B7C-274D-422A-8621-FEF67355E070}.Release|x86.ActiveCfg = Release|Any CPU
		{6CE14B7C-274D-422A-8621-FEF67355E070}.Release|x86.Build.0 = Release|Any CPU
		{2F5C045D-36AE-4393-975B-952E7121871E}.Debug|Any CPU.ActiveCfg = Debug|Any CPU
		{2F5C045D-36AE-4393-975B-952E7121871E}.Debug|Any CPU.Build.0 = Debug|Any CPU
		{2F5C045D-36AE-4393-975B-952E7121871E}.Debug|ARM.ActiveCfg = Debug|Any CPU
		{2F5C045D-36AE-4393-975B-952E7121871E}.Debug|ARM.Build.0 = Debug|Any CPU
		{2F5C045D-36AE-4393-975B-952E7121871E}.Debug|ARM64.ActiveCfg = Debug|Any CPU
		{2F5C045D-36AE-4393-975B-952E7121871E}.Debug|ARM64.Build.0 = Debug|Any CPU
		{2F5C045D-36AE-4393-975B-952E7121871E}.Debug|x64.ActiveCfg = Debug|Any CPU
		{2F5C045D-36AE-4393-975B-952E7121871E}.Debug|x64.Build.0 = Debug|Any CPU
		{2F5C045D-36AE-4393-975B-952E7121871E}.Debug|x86.ActiveCfg = Debug|Any CPU
		{2F5C045D-36AE-4393-975B-952E7121871E}.Debug|x86.Build.0 = Debug|Any CPU
		{2F5C045D-36AE-4393-975B-952E7121871E}.Release|Any CPU.ActiveCfg = Release|Any CPU
		{2F5C045D-36AE-4393-975B-952E7121871E}.Release|Any CPU.Build.0 = Release|Any CPU
		{2F5C045D-36AE-4393-975B-952E7121871E}.Release|ARM.ActiveCfg = Release|Any CPU
		{2F5C045D-36AE-4393-975B-952E7121871E}.Release|ARM.Build.0 = Release|Any CPU
		{2F5C045D-36AE-4393-975B-952E7121871E}.Release|ARM64.ActiveCfg = Release|Any CPU
		{2F5C045D-36AE-4393-975B-952E7121871E}.Release|ARM64.Build.0 = Release|Any CPU
		{2F5C045D-36AE-4393-975B-952E7121871E}.Release|x64.ActiveCfg = Release|Any CPU
		{2F5C045D-36AE-4393-975B-952E7121871E}.Release|x64.Build.0 = Release|Any CPU
		{2F5C045D-36AE-4393-975B-952E7121871E}.Release|x86.ActiveCfg = Release|Any CPU
		{2F5C045D-36AE-4393-975B-952E7121871E}.Release|x86.Build.0 = Release|Any CPU
	EndGlobalSection
	GlobalSection(SolutionProperties) = preSolution
		HideSolutionNode = FALSE
	EndGlobalSection
	GlobalSection(NestedProjects) = preSolution
		{2E2E0326-20EA-4328-B622-2488B87CB024} = {6E61B242-C137-4D6B-A714-0E7667ABD363}
		{BC299FD4-66B1-46BB-842E-8CC782284EB7} = {1AA5E1F8-3668-43C0-94A0-80BFD08329A6}
		{39057C6E-24D1-44AA-AD97-45865A73A9D0} = {1AA5E1F8-3668-43C0-94A0-80BFD08329A6}
		{E300219A-A5A0-454D-B239-2ED4DE6D4C88} = {1AA5E1F8-3668-43C0-94A0-80BFD08329A6}
		{C574409D-DF15-4CAE-96B3-657B23CDA8A7} = {1AA5E1F8-3668-43C0-94A0-80BFD08329A6}
		{1C0B5552-3886-4138-8693-DCCB8CE347A0} = {6E61B242-C137-4D6B-A714-0E7667ABD363}
		{E7A1F14C-2B55-4AD2-9F8B-690C7439CAB8} = {6E61B242-C137-4D6B-A714-0E7667ABD363}
		{C75ED531-D864-4904-A08D-3924E945B8F6} = {6E61B242-C137-4D6B-A714-0E7667ABD363}
		{C6D5BED1-16D5-40F4-B195-754825A11FEF} = {1AA5E1F8-3668-43C0-94A0-80BFD08329A6}
		{BC2FD033-6F60-4E86-A51C-5CB175546978} = {1AA5E1F8-3668-43C0-94A0-80BFD08329A6}
		{36AE2341-BFDE-4E20-99E1-9C92F0A48E65} = {1AA5E1F8-3668-43C0-94A0-80BFD08329A6}
		{7B9EEBBE-CE06-4B71-94C6-8B12EE756B34} = {6E61B242-C137-4D6B-A714-0E7667ABD363}
		{349701E0-4FB1-495D-A76E-CE3250F82B06} = {6E61B242-C137-4D6B-A714-0E7667ABD363}
		{27AAC79E-7307-46D1-9730-C6BCAADDF8C3} = {3D0DF54F-7B41-4C1F-A831-D0F90DF2BBBE}
		{83A93C34-1505-48E7-B9D6-137F35065BFE} = {1AA5E1F8-3668-43C0-94A0-80BFD08329A6}
		{D9D04F52-FCC0-4520-8B18-432F50FCF632} = {1AA5E1F8-3668-43C0-94A0-80BFD08329A6}
		{0C62203F-20D9-4BC4-92B1-C3CBA7D84694} = {5904FF5C-615F-46B3-AFF8-A0884CB76209}
		{9D0957F9-B8EB-46B2-BC78-244DDD973C12} = {3D0DF54F-7B41-4C1F-A831-D0F90DF2BBBE}
		{4F4F5A24-3F16-4B78-9C5D-F1475170AB27} = {3D0DF54F-7B41-4C1F-A831-D0F90DF2BBBE}
		{B1BFB57D-65A0-487C-A4DB-6BE82397A2D3} = {F34758C9-9519-4F53-9D80-254EA9FC4323}
		{764E6991-16E5-4997-8902-8B9C91E8F165} = {F34758C9-9519-4F53-9D80-254EA9FC4323}
		{B6457ED1-2539-4CBC-B247-4278FD9E1092} = {6E61B242-C137-4D6B-A714-0E7667ABD363}
		{A96B14EE-12BE-43CF-9CBB-2D8798F6C926} = {1AA5E1F8-3668-43C0-94A0-80BFD08329A6}
		{F1ADBC82-079C-444B-987F-2E02BF9B5FC3} = {6E61B242-C137-4D6B-A714-0E7667ABD363}
		{CD5254D5-0D77-41E0-A14B-A7793B930C2E} = {F34758C9-9519-4F53-9D80-254EA9FC4323}
		{6CE14B7C-274D-422A-8621-FEF67355E070} = {1AA5E1F8-3668-43C0-94A0-80BFD08329A6}
		{2F5C045D-36AE-4393-975B-952E7121871E} = {1AA5E1F8-3668-43C0-94A0-80BFD08329A6}
	EndGlobalSection
	GlobalSection(ExtensibilityGlobals) = postSolution
		SolutionGuid = {892299C8-86E4-45B5-9342-CD5842326F36}
	EndGlobalSection
EndGlobal
